// !$*UTF8*$!
{
	archiveVersion = 1;
	classes = {
	};
	objectVersion = 46;
	objects = {

/* Begin PBXBuildFile section */
		ABE5B3D4C9CE3F4082547B9C /* Pods_BucketListTests.framework in Frameworks */ = {isa = PBXBuildFile; fileRef = 050A7EC35559954B61841ADA /* Pods_BucketListTests.framework */; };
		B6624B9ABDE60EDC78C644A4 /* Pods_BucketList.framework in Frameworks */ = {isa = PBXBuildFile; fileRef = FB7EDD92C48BB39664DA03EF /* Pods_BucketList.framework */; };
		E70DE70E1E486160001F8E3E /* BucketDetailsRealm.swift in Sources */ = {isa = PBXBuildFile; fileRef = E70DE70D1E486160001F8E3E /* BucketDetailsRealm.swift */; };
		E716547B1E20D1740040185E /* BucketTableViewCell.swift in Sources */ = {isa = PBXBuildFile; fileRef = E71654791E20D1740040185E /* BucketTableViewCell.swift */; };
		E716547C1E20D1740040185E /* BucketTableViewCell.xib in Resources */ = {isa = PBXBuildFile; fileRef = E716547A1E20D1740040185E /* BucketTableViewCell.xib */; };
		E716547E1E22EB0A0040185E /* Bucket.swift in Sources */ = {isa = PBXBuildFile; fileRef = E716547D1E22EB0A0040185E /* Bucket.swift */; };
		E71A9C301E1A3C3500D5BED4 /* AppDelegate.swift in Sources */ = {isa = PBXBuildFile; fileRef = E71A9C2F1E1A3C3500D5BED4 /* AppDelegate.swift */; };
		E71A9C321E1A3C3500D5BED4 /* DoneBucketListViewController.swift in Sources */ = {isa = PBXBuildFile; fileRef = E71A9C311E1A3C3500D5BED4 /* DoneBucketListViewController.swift */; };
		E71A9C351E1A3C3500D5BED4 /* Main.storyboard in Resources */ = {isa = PBXBuildFile; fileRef = E71A9C331E1A3C3500D5BED4 /* Main.storyboard */; };
		E71A9C371E1A3C3500D5BED4 /* Assets.xcassets in Resources */ = {isa = PBXBuildFile; fileRef = E71A9C361E1A3C3500D5BED4 /* Assets.xcassets */; };
		E71A9C3A1E1A3C3500D5BED4 /* LaunchScreen.storyboard in Resources */ = {isa = PBXBuildFile; fileRef = E71A9C381E1A3C3500D5BED4 /* LaunchScreen.storyboard */; };
		E71A9C451E1A3C3500D5BED4 /* BucketListTests.swift in Sources */ = {isa = PBXBuildFile; fileRef = E71A9C441E1A3C3500D5BED4 /* BucketListTests.swift */; };
		E73D82271E39844600F47533 /* Enums.swift in Sources */ = {isa = PBXBuildFile; fileRef = E73D82261E39844600F47533 /* Enums.swift */; };
		E7845FF21E276D8F0064E499 /* NewBucketTableViewCell.swift in Sources */ = {isa = PBXBuildFile; fileRef = E7845FF01E276D8F0064E499 /* NewBucketTableViewCell.swift */; };
		E7845FF31E276D8F0064E499 /* NewBucketTableViewCell.xib in Resources */ = {isa = PBXBuildFile; fileRef = E7845FF11E276D8F0064E499 /* NewBucketTableViewCell.xib */; };
		E78A7ECD1E41C796000AF53A /* BucketRealm.swift in Sources */ = {isa = PBXBuildFile; fileRef = E78A7ECC1E41C796000AF53A /* BucketRealm.swift */; };
		E78D88321E4AFF3F00A56429 /* BucketDetail.swift in Sources */ = {isa = PBXBuildFile; fileRef = E78D88311E4AFF3F00A56429 /* BucketDetail.swift */; };
		E795010A1E282DFA005AB2FA /* AddBucketViewController.swift in Sources */ = {isa = PBXBuildFile; fileRef = E79501081E282DFA005AB2FA /* AddBucketViewController.swift */; };
		E795010B1E282DFB005AB2FA /* AddBucketViewController.xib in Resources */ = {isa = PBXBuildFile; fileRef = E79501091E282DFA005AB2FA /* AddBucketViewController.xib */; };
		E79501101E2BE4D8005AB2FA /* DescriptionTableViewCell.swift in Sources */ = {isa = PBXBuildFile; fileRef = E795010E1E2BE4D8005AB2FA /* DescriptionTableViewCell.swift */; };
		E79501111E2BE4D8005AB2FA /* DescriptionTableViewCell.xib in Resources */ = {isa = PBXBuildFile; fileRef = E795010F1E2BE4D8005AB2FA /* DescriptionTableViewCell.xib */; };
		E79501141E2E0426005AB2FA /* BucketDetailViewController.swift in Sources */ = {isa = PBXBuildFile; fileRef = E79501121E2E0426005AB2FA /* BucketDetailViewController.swift */; };
		E79501151E2E0426005AB2FA /* BucketDetailViewController.xib in Resources */ = {isa = PBXBuildFile; fileRef = E79501131E2E0426005AB2FA /* BucketDetailViewController.xib */; };
		E79EBE2D1E35F16800302E8B /* editIcon.png in Resources */ = {isa = PBXBuildFile; fileRef = E79EBE2C1E35F16800302E8B /* editIcon.png */; };
		E7C1BFBA1E30504000FB8EFE /* UIViewControllerExtension.swift in Sources */ = {isa = PBXBuildFile; fileRef = E7C1BFB91E30504000FB8EFE /* UIViewControllerExtension.swift */; };
		E7C1BFBE1E31A6C000FB8EFE /* DoneBucketListViewController.xib in Resources */ = {isa = PBXBuildFile; fileRef = E7C1BFBD1E31A6C000FB8EFE /* DoneBucketListViewController.xib */; };
/* End PBXBuildFile section */

/* Begin PBXContainerItemProxy section */
		E71A9C411E1A3C3500D5BED4 /* PBXContainerItemProxy */ = {
			isa = PBXContainerItemProxy;
			containerPortal = E71A9C241E1A3C3500D5BED4 /* Project object */;
			proxyType = 1;
			remoteGlobalIDString = E71A9C2B1E1A3C3500D5BED4;
			remoteInfo = BucketList;
		};
/* End PBXContainerItemProxy section */

/* Begin PBXFileReference section */
		050A7EC35559954B61841ADA /* Pods_BucketListTests.framework */ = {isa = PBXFileReference; explicitFileType = wrapper.framework; includeInIndex = 0; path = Pods_BucketListTests.framework; sourceTree = BUILT_PRODUCTS_DIR; };
		9A931CA37145F17B4B9FBC5F /* Pods-BucketListTests.release.xcconfig */ = {isa = PBXFileReference; includeInIndex = 1; lastKnownFileType = text.xcconfig; name = "Pods-BucketListTests.release.xcconfig"; path = "Pods/Target Support Files/Pods-BucketListTests/Pods-BucketListTests.release.xcconfig"; sourceTree = "<group>"; };
		A2A25EB1AD136CB165BEA032 /* Pods-BucketList.release.xcconfig */ = {isa = PBXFileReference; includeInIndex = 1; lastKnownFileType = text.xcconfig; name = "Pods-BucketList.release.xcconfig"; path = "Pods/Target Support Files/Pods-BucketList/Pods-BucketList.release.xcconfig"; sourceTree = "<group>"; };
		A65C785A1D52E21F1456B257 /* Pods-BucketListTests.debug.xcconfig */ = {isa = PBXFileReference; includeInIndex = 1; lastKnownFileType = text.xcconfig; name = "Pods-BucketListTests.debug.xcconfig"; path = "Pods/Target Support Files/Pods-BucketListTests/Pods-BucketListTests.debug.xcconfig"; sourceTree = "<group>"; };
		DABFC2E6EDF6CC7E9EA86427 /* Pods-BucketList.debug.xcconfig */ = {isa = PBXFileReference; includeInIndex = 1; lastKnownFileType = text.xcconfig; name = "Pods-BucketList.debug.xcconfig"; path = "Pods/Target Support Files/Pods-BucketList/Pods-BucketList.debug.xcconfig"; sourceTree = "<group>"; };
		E70DE70D1E486160001F8E3E /* BucketDetailsRealm.swift */ = {isa = PBXFileReference; fileEncoding = 4; lastKnownFileType = sourcecode.swift; path = BucketDetailsRealm.swift; sourceTree = "<group>"; };
		E71654791E20D1740040185E /* BucketTableViewCell.swift */ = {isa = PBXFileReference; fileEncoding = 4; lastKnownFileType = sourcecode.swift; path = BucketTableViewCell.swift; sourceTree = "<group>"; };
		E716547A1E20D1740040185E /* BucketTableViewCell.xib */ = {isa = PBXFileReference; fileEncoding = 4; lastKnownFileType = file.xib; path = BucketTableViewCell.xib; sourceTree = "<group>"; };
		E716547D1E22EB0A0040185E /* Bucket.swift */ = {isa = PBXFileReference; fileEncoding = 4; lastKnownFileType = sourcecode.swift; path = Bucket.swift; sourceTree = "<group>"; };
		E71A9C2C1E1A3C3500D5BED4 /* BucketList.app */ = {isa = PBXFileReference; explicitFileType = wrapper.application; includeInIndex = 0; path = BucketList.app; sourceTree = BUILT_PRODUCTS_DIR; };
		E71A9C2F1E1A3C3500D5BED4 /* AppDelegate.swift */ = {isa = PBXFileReference; lastKnownFileType = sourcecode.swift; path = AppDelegate.swift; sourceTree = "<group>"; };
		E71A9C311E1A3C3500D5BED4 /* DoneBucketListViewController.swift */ = {isa = PBXFileReference; lastKnownFileType = sourcecode.swift; path = DoneBucketListViewController.swift; sourceTree = "<group>"; };
		E71A9C341E1A3C3500D5BED4 /* Base */ = {isa = PBXFileReference; lastKnownFileType = file.storyboard; name = Base; path = Base.lproj/Main.storyboard; sourceTree = "<group>"; };
		E71A9C361E1A3C3500D5BED4 /* Assets.xcassets */ = {isa = PBXFileReference; lastKnownFileType = folder.assetcatalog; path = Assets.xcassets; sourceTree = "<group>"; };
		E71A9C391E1A3C3500D5BED4 /* Base */ = {isa = PBXFileReference; lastKnownFileType = file.storyboard; name = Base; path = Base.lproj/LaunchScreen.storyboard; sourceTree = "<group>"; };
		E71A9C3B1E1A3C3500D5BED4 /* Info.plist */ = {isa = PBXFileReference; lastKnownFileType = text.plist.xml; path = Info.plist; sourceTree = "<group>"; };
		E71A9C401E1A3C3500D5BED4 /* BucketListTests.xctest */ = {isa = PBXFileReference; explicitFileType = wrapper.cfbundle; includeInIndex = 0; path = BucketListTests.xctest; sourceTree = BUILT_PRODUCTS_DIR; };
		E71A9C441E1A3C3500D5BED4 /* BucketListTests.swift */ = {isa = PBXFileReference; lastKnownFileType = sourcecode.swift; path = BucketListTests.swift; sourceTree = "<group>"; };
		E71A9C461E1A3C3500D5BED4 /* Info.plist */ = {isa = PBXFileReference; lastKnownFileType = text.plist.xml; path = Info.plist; sourceTree = "<group>"; };
		E73D82261E39844600F47533 /* Enums.swift */ = {isa = PBXFileReference; fileEncoding = 4; lastKnownFileType = sourcecode.swift; path = Enums.swift; sourceTree = "<group>"; };
		E7845FF01E276D8F0064E499 /* NewBucketTableViewCell.swift */ = {isa = PBXFileReference; fileEncoding = 4; lastKnownFileType = sourcecode.swift; path = NewBucketTableViewCell.swift; sourceTree = "<group>"; };
		E7845FF11E276D8F0064E499 /* NewBucketTableViewCell.xib */ = {isa = PBXFileReference; fileEncoding = 4; lastKnownFileType = file.xib; path = NewBucketTableViewCell.xib; sourceTree = "<group>"; };
		E78A7ECC1E41C796000AF53A /* BucketRealm.swift */ = {isa = PBXFileReference; fileEncoding = 4; lastKnownFileType = sourcecode.swift; path = BucketRealm.swift; sourceTree = "<group>"; };
		E78D88311E4AFF3F00A56429 /* BucketDetail.swift */ = {isa = PBXFileReference; fileEncoding = 4; lastKnownFileType = sourcecode.swift; path = BucketDetail.swift; sourceTree = "<group>"; };
		E79501081E282DFA005AB2FA /* AddBucketViewController.swift */ = {isa = PBXFileReference; fileEncoding = 4; lastKnownFileType = sourcecode.swift; path = AddBucketViewController.swift; sourceTree = "<group>"; };
		E79501091E282DFA005AB2FA /* AddBucketViewController.xib */ = {isa = PBXFileReference; fileEncoding = 4; lastKnownFileType = file.xib; path = AddBucketViewController.xib; sourceTree = "<group>"; };
		E795010E1E2BE4D8005AB2FA /* DescriptionTableViewCell.swift */ = {isa = PBXFileReference; fileEncoding = 4; lastKnownFileType = sourcecode.swift; path = DescriptionTableViewCell.swift; sourceTree = "<group>"; };
		E795010F1E2BE4D8005AB2FA /* DescriptionTableViewCell.xib */ = {isa = PBXFileReference; fileEncoding = 4; lastKnownFileType = file.xib; path = DescriptionTableViewCell.xib; sourceTree = "<group>"; };
		E79501121E2E0426005AB2FA /* BucketDetailViewController.swift */ = {isa = PBXFileReference; fileEncoding = 4; lastKnownFileType = sourcecode.swift; path = BucketDetailViewController.swift; sourceTree = "<group>"; };
		E79501131E2E0426005AB2FA /* BucketDetailViewController.xib */ = {isa = PBXFileReference; fileEncoding = 4; lastKnownFileType = file.xib; path = BucketDetailViewController.xib; sourceTree = "<group>"; };
		E79EBE2C1E35F16800302E8B /* editIcon.png */ = {isa = PBXFileReference; lastKnownFileType = image.png; path = editIcon.png; sourceTree = "<group>"; };
		E7C1BFB91E30504000FB8EFE /* UIViewControllerExtension.swift */ = {isa = PBXFileReference; fileEncoding = 4; lastKnownFileType = sourcecode.swift; path = UIViewControllerExtension.swift; sourceTree = "<group>"; };
		E7C1BFBD1E31A6C000FB8EFE /* DoneBucketListViewController.xib */ = {isa = PBXFileReference; fileEncoding = 4; lastKnownFileType = file.xib; path = DoneBucketListViewController.xib; sourceTree = "<group>"; };
		FB7EDD92C48BB39664DA03EF /* Pods_BucketList.framework */ = {isa = PBXFileReference; explicitFileType = wrapper.framework; includeInIndex = 0; path = Pods_BucketList.framework; sourceTree = BUILT_PRODUCTS_DIR; };
/* End PBXFileReference section */

/* Begin PBXFrameworksBuildPhase section */
		E71A9C291E1A3C3500D5BED4 /* Frameworks */ = {
			isa = PBXFrameworksBuildPhase;
			buildActionMask = 2147483647;
			files = (
				B6624B9ABDE60EDC78C644A4 /* Pods_BucketList.framework in Frameworks */,
			);
			runOnlyForDeploymentPostprocessing = 0;
		};
		E71A9C3D1E1A3C3500D5BED4 /* Frameworks */ = {
			isa = PBXFrameworksBuildPhase;
			buildActionMask = 2147483647;
			files = (
				ABE5B3D4C9CE3F4082547B9C /* Pods_BucketListTests.framework in Frameworks */,
			);
			runOnlyForDeploymentPostprocessing = 0;
		};
/* End PBXFrameworksBuildPhase section */

/* Begin PBXGroup section */
		62E2F61B2D488B3B37CA0035 /* Pods */ = {
			isa = PBXGroup;
			children = (
				DABFC2E6EDF6CC7E9EA86427 /* Pods-BucketList.debug.xcconfig */,
				A2A25EB1AD136CB165BEA032 /* Pods-BucketList.release.xcconfig */,
				A65C785A1D52E21F1456B257 /* Pods-BucketListTests.debug.xcconfig */,
				9A931CA37145F17B4B9FBC5F /* Pods-BucketListTests.release.xcconfig */,
			);
			name = Pods;
			sourceTree = "<group>";
		};
		7624A7472A65F03711DEDC45 /* Frameworks */ = {
			isa = PBXGroup;
			children = (
				FB7EDD92C48BB39664DA03EF /* Pods_BucketList.framework */,
				050A7EC35559954B61841ADA /* Pods_BucketListTests.framework */,
			);
			name = Frameworks;
			sourceTree = "<group>";
		};
		E71A9C231E1A3C3500D5BED4 = {
			isa = PBXGroup;
			children = (
				E71A9C2E1E1A3C3500D5BED4 /* BucketList */,
				E71A9C431E1A3C3500D5BED4 /* BucketListTests */,
				E71A9C2D1E1A3C3500D5BED4 /* Products */,
				62E2F61B2D488B3B37CA0035 /* Pods */,
				7624A7472A65F03711DEDC45 /* Frameworks */,
			);
			sourceTree = "<group>";
		};
		E71A9C2D1E1A3C3500D5BED4 /* Products */ = {
			isa = PBXGroup;
			children = (
				E71A9C2C1E1A3C3500D5BED4 /* BucketList.app */,
				E71A9C401E1A3C3500D5BED4 /* BucketListTests.xctest */,
			);
			name = Products;
			sourceTree = "<group>";
		};
		E71A9C2E1E1A3C3500D5BED4 /* BucketList */ = {
			isa = PBXGroup;
			children = (
				E79EBE231E35EF3900302E8B /* Assets */,
				E79501181E2E049A005AB2FA /* DataObject */,
				E7C1BFB61E304FA100FB8EFE /* Extensions */,
				E79501161E2E045C005AB2FA /* TableViewCell */,
				E79501171E2E0465005AB2FA /* ViewController */,
				E71A9C2F1E1A3C3500D5BED4 /* AppDelegate.swift */,
				E71A9C331E1A3C3500D5BED4 /* Main.storyboard */,
				E71A9C361E1A3C3500D5BED4 /* Assets.xcassets */,
				E71A9C381E1A3C3500D5BED4 /* LaunchScreen.storyboard */,
				E71A9C3B1E1A3C3500D5BED4 /* Info.plist */,
				E73D82261E39844600F47533 /* Enums.swift */,
			);
			path = BucketList;
			sourceTree = "<group>";
		};
		E71A9C431E1A3C3500D5BED4 /* BucketListTests */ = {
			isa = PBXGroup;
			children = (
				E71A9C441E1A3C3500D5BED4 /* BucketListTests.swift */,
				E71A9C461E1A3C3500D5BED4 /* Info.plist */,
			);
			path = BucketListTests;
			sourceTree = "<group>";
		};
		E78A7ECB1E41C767000AF53A /* Realm */ = {
			isa = PBXGroup;
			children = (
				E78A7ECC1E41C796000AF53A /* BucketRealm.swift */,
				E70DE70D1E486160001F8E3E /* BucketDetailsRealm.swift */,
			);
			name = Realm;
			sourceTree = "<group>";
		};
		E79501161E2E045C005AB2FA /* TableViewCell */ = {
			isa = PBXGroup;
			children = (
				E71654791E20D1740040185E /* BucketTableViewCell.swift */,
				E716547A1E20D1740040185E /* BucketTableViewCell.xib */,
				E795010E1E2BE4D8005AB2FA /* DescriptionTableViewCell.swift */,
				E795010F1E2BE4D8005AB2FA /* DescriptionTableViewCell.xib */,
				E7845FF01E276D8F0064E499 /* NewBucketTableViewCell.swift */,
				E7845FF11E276D8F0064E499 /* NewBucketTableViewCell.xib */,
			);
			name = TableViewCell;
			sourceTree = "<group>";
		};
		E79501171E2E0465005AB2FA /* ViewController */ = {
			isa = PBXGroup;
			children = (
				E79501081E282DFA005AB2FA /* AddBucketViewController.swift */,
				E79501091E282DFA005AB2FA /* AddBucketViewController.xib */,
				E79501121E2E0426005AB2FA /* BucketDetailViewController.swift */,
				E79501131E2E0426005AB2FA /* BucketDetailViewController.xib */,
				E71A9C311E1A3C3500D5BED4 /* DoneBucketListViewController.swift */,
				E7C1BFBD1E31A6C000FB8EFE /* DoneBucketListViewController.xib */,
			);
			name = ViewController;
			sourceTree = "<group>";
		};
		E79501181E2E049A005AB2FA /* DataObject */ = {
			isa = PBXGroup;
			children = (
				E78A7ECB1E41C767000AF53A /* Realm */,
				E716547D1E22EB0A0040185E /* Bucket.swift */,
				E78D88311E4AFF3F00A56429 /* BucketDetail.swift */,
			);
			name = DataObject;
			sourceTree = "<group>";
		};
		E79EBE231E35EF3900302E8B /* Assets */ = {
			isa = PBXGroup;
			children = (
				E79EBE2C1E35F16800302E8B /* editIcon.png */,
			);
			name = Assets;
			sourceTree = "<group>";
		};
		E7C1BFB61E304FA100FB8EFE /* Extensions */ = {
			isa = PBXGroup;
			children = (
				E7C1BFB91E30504000FB8EFE /* UIViewControllerExtension.swift */,
			);
			name = Extensions;
			sourceTree = "<group>";
		};
/* End PBXGroup section */

/* Begin PBXNativeTarget section */
		E71A9C2B1E1A3C3500D5BED4 /* BucketList */ = {
			isa = PBXNativeTarget;
			buildConfigurationList = E71A9C491E1A3C3500D5BED4 /* Build configuration list for PBXNativeTarget "BucketList" */;
			buildPhases = (
				F53299394AB7E92D62D22ED1 /* [CP] Check Pods Manifest.lock */,
				E71A9C281E1A3C3500D5BED4 /* Sources */,
				E71A9C291E1A3C3500D5BED4 /* Frameworks */,
				E71A9C2A1E1A3C3500D5BED4 /* Resources */,
				8F3160630EBFA533F04D608D /* [CP] Embed Pods Frameworks */,
				FCB782591F6B4DF9E2937959 /* [CP] Copy Pods Resources */,
			);
			buildRules = (
			);
			dependencies = (
			);
			name = BucketList;
			productName = BucketList;
			productReference = E71A9C2C1E1A3C3500D5BED4 /* BucketList.app */;
			productType = "com.apple.product-type.application";
		};
		E71A9C3F1E1A3C3500D5BED4 /* BucketListTests */ = {
			isa = PBXNativeTarget;
			buildConfigurationList = E71A9C4C1E1A3C3500D5BED4 /* Build configuration list for PBXNativeTarget "BucketListTests" */;
			buildPhases = (
				D628939F63D76A41DA281D25 /* [CP] Check Pods Manifest.lock */,
				E71A9C3C1E1A3C3500D5BED4 /* Sources */,
				E71A9C3D1E1A3C3500D5BED4 /* Frameworks */,
				E71A9C3E1E1A3C3500D5BED4 /* Resources */,
				3190FE313F84E673B50DE398 /* [CP] Embed Pods Frameworks */,
				4C61E5C582A5A911A18D90B1 /* [CP] Copy Pods Resources */,
			);
			buildRules = (
			);
			dependencies = (
				E71A9C421E1A3C3500D5BED4 /* PBXTargetDependency */,
			);
			name = BucketListTests;
			productName = BucketListTests;
			productReference = E71A9C401E1A3C3500D5BED4 /* BucketListTests.xctest */;
			productType = "com.apple.product-type.bundle.unit-test";
		};
/* End PBXNativeTarget section */

/* Begin PBXProject section */
		E71A9C241E1A3C3500D5BED4 /* Project object */ = {
			isa = PBXProject;
			attributes = {
				LastSwiftUpdateCheck = 0820;
				LastUpgradeCheck = 0820;
				ORGANIZATIONNAME = subin;
				TargetAttributes = {
					E71A9C2B1E1A3C3500D5BED4 = {
						CreatedOnToolsVersion = 8.2;
						ProvisioningStyle = Automatic;
					};
					E71A9C3F1E1A3C3500D5BED4 = {
						CreatedOnToolsVersion = 8.2;
						ProvisioningStyle = Automatic;
						TestTargetID = E71A9C2B1E1A3C3500D5BED4;
					};
				};
			};
			buildConfigurationList = E71A9C271E1A3C3500D5BED4 /* Build configuration list for PBXProject "BucketList" */;
			compatibilityVersion = "Xcode 3.2";
			developmentRegion = English;
			hasScannedForEncodings = 0;
			knownRegions = (
				en,
				Base,
			);
			mainGroup = E71A9C231E1A3C3500D5BED4;
			productRefGroup = E71A9C2D1E1A3C3500D5BED4 /* Products */;
			projectDirPath = "";
			projectRoot = "";
			targets = (
				E71A9C2B1E1A3C3500D5BED4 /* BucketList */,
				E71A9C3F1E1A3C3500D5BED4 /* BucketListTests */,
			);
		};
/* End PBXProject section */

/* Begin PBXResourcesBuildPhase section */
		E71A9C2A1E1A3C3500D5BED4 /* Resources */ = {
			isa = PBXResourcesBuildPhase;
			buildActionMask = 2147483647;
			files = (
				E71A9C3A1E1A3C3500D5BED4 /* LaunchScreen.storyboard in Resources */,
				E716547C1E20D1740040185E /* BucketTableViewCell.xib in Resources */,
				E795010B1E282DFB005AB2FA /* AddBucketViewController.xib in Resources */,
				E71A9C371E1A3C3500D5BED4 /* Assets.xcassets in Resources */,
				E7845FF31E276D8F0064E499 /* NewBucketTableViewCell.xib in Resources */,
				E79501111E2BE4D8005AB2FA /* DescriptionTableViewCell.xib in Resources */,
				E7C1BFBE1E31A6C000FB8EFE /* DoneBucketListViewController.xib in Resources */,
				E71A9C351E1A3C3500D5BED4 /* Main.storyboard in Resources */,
				E79EBE2D1E35F16800302E8B /* editIcon.png in Resources */,
				E79501151E2E0426005AB2FA /* BucketDetailViewController.xib in Resources */,
			);
			runOnlyForDeploymentPostprocessing = 0;
		};
		E71A9C3E1E1A3C3500D5BED4 /* Resources */ = {
			isa = PBXResourcesBuildPhase;
			buildActionMask = 2147483647;
			files = (
			);
			runOnlyForDeploymentPostprocessing = 0;
		};
/* End PBXResourcesBuildPhase section */

/* Begin PBXShellScriptBuildPhase section */
		3190FE313F84E673B50DE398 /* [CP] Embed Pods Frameworks */ = {
			isa = PBXShellScriptBuildPhase;
			buildActionMask = 2147483647;
			files = (
			);
			inputPaths = (
			);
			name = "[CP] Embed Pods Frameworks";
			outputPaths = (
			);
			runOnlyForDeploymentPostprocessing = 0;
			shellPath = /bin/sh;
			shellScript = "\"${SRCROOT}/Pods/Target Support Files/Pods-BucketListTests/Pods-BucketListTests-frameworks.sh\"\n";
			showEnvVarsInLog = 0;
		};
		4C61E5C582A5A911A18D90B1 /* [CP] Copy Pods Resources */ = {
			isa = PBXShellScriptBuildPhase;
			buildActionMask = 2147483647;
			files = (
			);
			inputPaths = (
			);
			name = "[CP] Copy Pods Resources";
			outputPaths = (
			);
			runOnlyForDeploymentPostprocessing = 0;
			shellPath = /bin/sh;
			shellScript = "\"${SRCROOT}/Pods/Target Support Files/Pods-BucketListTests/Pods-BucketListTests-resources.sh\"\n";
			showEnvVarsInLog = 0;
		};
		8F3160630EBFA533F04D608D /* [CP] Embed Pods Frameworks */ = {
			isa = PBXShellScriptBuildPhase;
			buildActionMask = 2147483647;
			files = (
			);
			inputPaths = (
			);
			name = "[CP] Embed Pods Frameworks";
			outputPaths = (
			);
			runOnlyForDeploymentPostprocessing = 0;
			shellPath = /bin/sh;
			shellScript = "\"${SRCROOT}/Pods/Target Support Files/Pods-BucketList/Pods-BucketList-frameworks.sh\"\n";
			showEnvVarsInLog = 0;
		};
		D628939F63D76A41DA281D25 /* [CP] Check Pods Manifest.lock */ = {
			isa = PBXShellScriptBuildPhase;
			buildActionMask = 2147483647;
			files = (
			);
			inputPaths = (
			);
			name = "[CP] Check Pods Manifest.lock";
			outputPaths = (
			);
			runOnlyForDeploymentPostprocessing = 0;
			shellPath = /bin/sh;
			shellScript = "diff \"${PODS_ROOT}/../Podfile.lock\" \"${PODS_ROOT}/Manifest.lock\" > /dev/null\nif [ $? != 0 ] ; then\n    # print error to STDERR\n    echo \"error: The sandbox is not in sync with the Podfile.lock. Run 'pod install' or update your CocoaPods installation.\" >&2\n    exit 1\nfi\n";
			showEnvVarsInLog = 0;
		};
		F53299394AB7E92D62D22ED1 /* [CP] Check Pods Manifest.lock */ = {
			isa = PBXShellScriptBuildPhase;
			buildActionMask = 2147483647;
			files = (
			);
			inputPaths = (
			);
			name = "[CP] Check Pods Manifest.lock";
			outputPaths = (
			);
			runOnlyForDeploymentPostprocessing = 0;
			shellPath = /bin/sh;
			shellScript = "diff \"${PODS_ROOT}/../Podfile.lock\" \"${PODS_ROOT}/Manifest.lock\" > /dev/null\nif [ $? != 0 ] ; then\n    # print error to STDERR\n    echo \"error: The sandbox is not in sync with the Podfile.lock. Run 'pod install' or update your CocoaPods installation.\" >&2\n    exit 1\nfi\n";
			showEnvVarsInLog = 0;
		};
		FCB782591F6B4DF9E2937959 /* [CP] Copy Pods Resources */ = {
			isa = PBXShellScriptBuildPhase;
			buildActionMask = 2147483647;
			files = (
			);
			inputPaths = (
			);
			name = "[CP] Copy Pods Resources";
			outputPaths = (
			);
			runOnlyForDeploymentPostprocessing = 0;
			shellPath = /bin/sh;
			shellScript = "\"${SRCROOT}/Pods/Target Support Files/Pods-BucketList/Pods-BucketList-resources.sh\"\n";
			showEnvVarsInLog = 0;
		};
/* End PBXShellScriptBuildPhase section */

/* Begin PBXSourcesBuildPhase section */
		E71A9C281E1A3C3500D5BED4 /* Sources */ = {
			isa = PBXSourcesBuildPhase;
			buildActionMask = 2147483647;
			files = (
				E7845FF21E276D8F0064E499 /* NewBucketTableViewCell.swift in Sources */,
				E716547B1E20D1740040185E /* BucketTableViewCell.swift in Sources */,
				E73D82271E39844600F47533 /* Enums.swift in Sources */,
				E7C1BFBA1E30504000FB8EFE /* UIViewControllerExtension.swift in Sources */,
				E78D88321E4AFF3F00A56429 /* BucketDetail.swift in Sources */,
				E70DE70E1E486160001F8E3E /* BucketDetailsRealm.swift in Sources */,
				E716547E1E22EB0A0040185E /* Bucket.swift in Sources */,
				E71A9C321E1A3C3500D5BED4 /* DoneBucketListViewController.swift in Sources */,
				E795010A1E282DFA005AB2FA /* AddBucketViewController.swift in Sources */,
				E79501101E2BE4D8005AB2FA /* DescriptionTableViewCell.swift in Sources */,
				E79501141E2E0426005AB2FA /* BucketDetailViewController.swift in Sources */,
				E78A7ECD1E41C796000AF53A /* BucketRealm.swift in Sources */,
				E71A9C301E1A3C3500D5BED4 /* AppDelegate.swift in Sources */,
			);
			runOnlyForDeploymentPostprocessing = 0;
		};
		E71A9C3C1E1A3C3500D5BED4 /* Sources */ = {
			isa = PBXSourcesBuildPhase;
			buildActionMask = 2147483647;
			files = (
				E71A9C451E1A3C3500D5BED4 /* BucketListTests.swift in Sources */,
			);
			runOnlyForDeploymentPostprocessing = 0;
		};
/* End PBXSourcesBuildPhase section */

/* Begin PBXTargetDependency section */
		E71A9C421E1A3C3500D5BED4 /* PBXTargetDependency */ = {
			isa = PBXTargetDependency;
			target = E71A9C2B1E1A3C3500D5BED4 /* BucketList */;
			targetProxy = E71A9C411E1A3C3500D5BED4 /* PBXContainerItemProxy */;
		};
/* End PBXTargetDependency section */

/* Begin PBXVariantGroup section */
		E71A9C331E1A3C3500D5BED4 /* Main.storyboard */ = {
			isa = PBXVariantGroup;
			children = (
				E71A9C341E1A3C3500D5BED4 /* Base */,
			);
			name = Main.storyboard;
			sourceTree = "<group>";
		};
		E71A9C381E1A3C3500D5BED4 /* LaunchScreen.storyboard */ = {
			isa = PBXVariantGroup;
			children = (
				E71A9C391E1A3C3500D5BED4 /* Base */,
			);
			name = LaunchScreen.storyboard;
			sourceTree = "<group>";
		};
/* End PBXVariantGroup section */

/* Begin XCBuildConfiguration section */
		E71A9C471E1A3C3500D5BED4 /* Debug */ = {
			isa = XCBuildConfiguration;
			buildSettings = {
				ALWAYS_SEARCH_USER_PATHS = NO;
				CLANG_ANALYZER_NONNULL = YES;
				CLANG_CXX_LANGUAGE_STANDARD = "gnu++0x";
				CLANG_CXX_LIBRARY = "libc++";
				CLANG_ENABLE_MODULES = YES;
				CLANG_ENABLE_OBJC_ARC = YES;
				CLANG_WARN_BOOL_CONVERSION = YES;
				CLANG_WARN_CONSTANT_CONVERSION = YES;
				CLANG_WARN_DIRECT_OBJC_ISA_USAGE = YES_ERROR;
				CLANG_WARN_DOCUMENTATION_COMMENTS = YES;
				CLANG_WARN_EMPTY_BODY = YES;
				CLANG_WARN_ENUM_CONVERSION = YES;
				CLANG_WARN_INFINITE_RECURSION = YES;
				CLANG_WARN_INT_CONVERSION = YES;
				CLANG_WARN_OBJC_ROOT_CLASS = YES_ERROR;
				CLANG_WARN_SUSPICIOUS_MOVE = YES;
				CLANG_WARN_UNREACHABLE_CODE = YES;
				CLANG_WARN__DUPLICATE_METHOD_MATCH = YES;
				"CODE_SIGN_IDENTITY[sdk=iphoneos*]" = "iPhone Developer";
				COPY_PHASE_STRIP = NO;
				DEBUG_INFORMATION_FORMAT = dwarf;
				ENABLE_STRICT_OBJC_MSGSEND = YES;
				ENABLE_TESTABILITY = YES;
				GCC_C_LANGUAGE_STANDARD = gnu99;
				GCC_DYNAMIC_NO_PIC = NO;
				GCC_NO_COMMON_BLOCKS = YES;
				GCC_OPTIMIZATION_LEVEL = 0;
				GCC_PREPROCESSOR_DEFINITIONS = (
					"DEBUG=1",
					"$(inherited)",
				);
				GCC_WARN_64_TO_32_BIT_CONVERSION = YES;
				GCC_WARN_ABOUT_RETURN_TYPE = YES_ERROR;
				GCC_WARN_UNDECLARED_SELECTOR = YES;
				GCC_WARN_UNINITIALIZED_AUTOS = YES_AGGRESSIVE;
				GCC_WARN_UNUSED_FUNCTION = YES;
				GCC_WARN_UNUSED_VARIABLE = YES;
				IPHONEOS_DEPLOYMENT_TARGET = 10.2;
				MTL_ENABLE_DEBUG_INFO = YES;
				ONLY_ACTIVE_ARCH = YES;
				SDKROOT = iphoneos;
				SWIFT_ACTIVE_COMPILATION_CONDITIONS = DEBUG;
				SWIFT_OPTIMIZATION_LEVEL = "-Onone";
			};
			name = Debug;
		};
		E71A9C481E1A3C3500D5BED4 /* Release */ = {
			isa = XCBuildConfiguration;
			buildSettings = {
				ALWAYS_SEARCH_USER_PATHS = NO;
				CLANG_ANALYZER_NONNULL = YES;
				CLANG_CXX_LANGUAGE_STANDARD = "gnu++0x";
				CLANG_CXX_LIBRARY = "libc++";
				CLANG_ENABLE_MODULES = YES;
				CLANG_ENABLE_OBJC_ARC = YES;
				CLANG_WARN_BOOL_CONVERSION = YES;
				CLANG_WARN_CONSTANT_CONVERSION = YES;
				CLANG_WARN_DIRECT_OBJC_ISA_USAGE = YES_ERROR;
				CLANG_WARN_DOCUMENTATION_COMMENTS = YES;
				CLANG_WARN_EMPTY_BODY = YES;
				CLANG_WARN_ENUM_CONVERSION = YES;
				CLANG_WARN_INFINITE_RECURSION = YES;
				CLANG_WARN_INT_CONVERSION = YES;
				CLANG_WARN_OBJC_ROOT_CLASS = YES_ERROR;
				CLANG_WARN_SUSPICIOUS_MOVE = YES;
				CLANG_WARN_UNREACHABLE_CODE = YES;
				CLANG_WARN__DUPLICATE_METHOD_MATCH = YES;
				"CODE_SIGN_IDENTITY[sdk=iphoneos*]" = "iPhone Developer";
				COPY_PHASE_STRIP = NO;
				DEBUG_INFORMATION_FORMAT = "dwarf-with-dsym";
				ENABLE_NS_ASSERTIONS = NO;
				ENABLE_STRICT_OBJC_MSGSEND = YES;
				GCC_C_LANGUAGE_STANDARD = gnu99;
				GCC_NO_COMMON_BLOCKS = YES;
				GCC_WARN_64_TO_32_BIT_CONVERSION = YES;
				GCC_WARN_ABOUT_RETURN_TYPE = YES_ERROR;
				GCC_WARN_UNDECLARED_SELECTOR = YES;
				GCC_WARN_UNINITIALIZED_AUTOS = YES_AGGRESSIVE;
				GCC_WARN_UNUSED_FUNCTION = YES;
				GCC_WARN_UNUSED_VARIABLE = YES;
				IPHONEOS_DEPLOYMENT_TARGET = 10.2;
				MTL_ENABLE_DEBUG_INFO = NO;
				SDKROOT = iphoneos;
				SWIFT_OPTIMIZATION_LEVEL = "-Owholemodule";
				VALIDATE_PRODUCT = YES;
			};
			name = Release;
		};
		E71A9C4A1E1A3C3500D5BED4 /* Debug */ = {
			isa = XCBuildConfiguration;
			baseConfigurationReference = DABFC2E6EDF6CC7E9EA86427 /* Pods-BucketList.debug.xcconfig */;
			buildSettings = {
				ASSETCATALOG_COMPILER_APPICON_NAME = AppIcon;
				INFOPLIST_FILE = BucketList/Info.plist;
				LD_RUNPATH_SEARCH_PATHS = "$(inherited) @executable_path/Frameworks";
				PRODUCT_BUNDLE_IDENTIFIER = com.subin.BucketList;
				PRODUCT_NAME = "$(TARGET_NAME)";
				SWIFT_VERSION = 3.0;
			};
			name = Debug;
		};
		E71A9C4B1E1A3C3500D5BED4 /* Release */ = {
			isa = XCBuildConfiguration;
			baseConfigurationReference = A2A25EB1AD136CB165BEA032 /* Pods-BucketList.release.xcconfig */;
			buildSettings = {
				ASSETCATALOG_COMPILER_APPICON_NAME = AppIcon;
				INFOPLIST_FILE = BucketList/Info.plist;
				LD_RUNPATH_SEARCH_PATHS = "$(inherited) @executable_path/Frameworks";
				PRODUCT_BUNDLE_IDENTIFIER = com.subin.BucketList;
				PRODUCT_NAME = "$(TARGET_NAME)";
				SWIFT_VERSION = 3.0;
			};
			name = Release;
		};
		E71A9C4D1E1A3C3500D5BED4 /* Debug */ = {
			isa = XCBuildConfiguration;
			baseConfigurationReference = A65C785A1D52E21F1456B257 /* Pods-BucketListTests.debug.xcconfig */;
			buildSettings = {
				ALWAYS_EMBED_SWIFT_STANDARD_LIBRARIES = YES;
				BUNDLE_LOADER = "$(TEST_HOST)";
				INFOPLIST_FILE = BucketListTests/Info.plist;
				LD_RUNPATH_SEARCH_PATHS = "$(inherited) @executable_path/Frameworks @loader_path/Frameworks";
				PRODUCT_BUNDLE_IDENTIFIER = com.subin.BucketListTests;
				PRODUCT_NAME = "$(TARGET_NAME)";
				SWIFT_VERSION = 3.0;
				TEST_HOST = "$(BUILT_PRODUCTS_DIR)/BucketList.app/BucketList";
			};
			name = Debug;
		};
		E71A9C4E1E1A3C3500D5BED4 /* Release */ = {
			isa = XCBuildConfiguration;
			baseConfigurationReference = 9A931CA37145F17B4B9FBC5F /* Pods-BucketListTests.release.xcconfig */;
			buildSettings = {
				ALWAYS_EMBED_SWIFT_STANDARD_LIBRARIES = YES;
				BUNDLE_LOADER = "$(TEST_HOST)";
				INFOPLIST_FILE = BucketListTests/Info.plist;
				LD_RUNPATH_SEARCH_PATHS = "$(inherited) @executable_path/Frameworks @loader_path/Frameworks";
				PRODUCT_BUNDLE_IDENTIFIER = com.subin.BucketListTests;
				PRODUCT_NAME = "$(TARGET_NAME)";
				SWIFT_VERSION = 3.0;
				TEST_HOST = "$(BUILT_PRODUCTS_DIR)/BucketList.app/BucketList";
			};
			name = Release;
		};
/* End XCBuildConfiguration section */

/* Begin XCConfigurationList section */
		E71A9C271E1A3C3500D5BED4 /* Build configuration list for PBXProject "BucketList" */ = {
			isa = XCConfigurationList;
			buildConfigurations = (
				E71A9C471E1A3C3500D5BED4 /* Debug */,
				E71A9C481E1A3C3500D5BED4 /* Release */,
			);
			defaultConfigurationIsVisible = 0;
			defaultConfigurationName = Release;
		};
		E71A9C491E1A3C3500D5BED4 /* Build configuration list for PBXNativeTarget "BucketList" */ = {
			isa = XCConfigurationList;
			buildConfigurations = (
				E71A9C4A1E1A3C3500D5BED4 /* Debug */,
				E71A9C4B1E1A3C3500D5BED4 /* Release */,
			);
			defaultConfigurationIsVisible = 0;
			defaultConfigurationName = Release;
		};
		E71A9C4C1E1A3C3500D5BED4 /* Build configuration list for PBXNativeTarget "BucketListTests" */ = {
			isa = XCConfigurationList;
			buildConfigurations = (
				E71A9C4D1E1A3C3500D5BED4 /* Debug */,
				E71A9C4E1E1A3C3500D5BED4 /* Release */,
			);
			defaultConfigurationIsVisible = 0;
			defaultConfigurationName = Release;
		};
/* End XCConfigurationList section */
	};
	rootObject = E71A9C241E1A3C3500D5BED4 /* Project object */;
}
